
Microsoft Visual Studio Solution File, Format Version 12.00
# Visual Studio Version 17
VisualStudioVersion = 17.14.36301.6 d17.14
MinimumVisualStudioVersion = 10.0.40219.1
Project("{FAE04EC0-301F-11D3-BF4B-00C04F79EFBC}") = "PizzaApi", "PizzaApi\PizzaApi.csproj", "{7E2114D2-56BE-42ED-A6CF-F87658128433}"
EndProject
Global
	GlobalSection(SolutionConfigurationPlatforms) = preSolution
		Debug|Any CPU = Debug|Any CPU
		Release|Any CPU = Release|Any CPU
	EndGlobalSection
	GlobalSection(ProjectConfigurationPlatforms) = postSolution
		{7E2114D2-56BE-42ED-A6CF-F87658128433}.Debug|Any CPU.ActiveCfg = Debug|Any CPU
		{7E2114D2-56BE-42ED-A6CF-F87658128433}.Debug|Any CPU.Build.0 = Debug|Any CPU
		{7E2114D2-56BE-42ED-A6CF-F87658128433}.Release|Any CPU.ActiveCfg = Release|Any CPU
		{7E2114D2-56BE-42ED-A6CF-F87658128433}.Release|Any CPU.Build.0 = Release|Any CPU
	EndGlobalSection
	GlobalSection(SolutionProperties) = preSolution
		HideSolutionNode = FALSE
	EndGlobalSection
	GlobalSection(ExtensibilityGlobals) = postSolution
		SolutionGuid = {E4A63F3A-8EB5-4737-B196-131E95715D70}
	EndGlobalSection
EndGlobal
